
Microsoft Visual Studio Solution File, Format Version 12.00
# Visual Studio Version 17
VisualStudioVersion = 17.7.34024.191
MinimumVisualStudioVersion = 10.0.40219.1
Project("{FAE04EC0-301F-11D3-BF4B-00C04F79EFBC}") = "TcpClient", "TcpClient\TcpClient.csproj", "{4C6465C8-B1E6-4E9F-A719-94715FF029C3}"
EndProject
Project("{FAE04EC0-301F-11D3-BF4B-00C04F79EFBC}") = "TcpServer", "TcpServer\TcpServer.csproj", "{D65E024A-DA5D-49B6-B255-95945211D150}"
EndProject
Global
	GlobalSection(SolutionConfigurationPlatforms) = preSolution
		Debug|Any CPU = Debug|Any CPU
		Release|Any CPU = Release|Any CPU
	EndGlobalSection
	GlobalSection(ProjectConfigurationPlatforms) = postSolution
		{4C6465C8-B1E6-4E9F-A719-94715FF029C3}.Debug|Any CPU.ActiveCfg = Debug|Any CPU
		{4C6465C8-B1E6-4E9F-A719-94715FF029C3}.Debug|Any CPU.Build.0 = Debug|Any CPU
		{4C6465C8-B1E6-4E9F-A719-94715FF029C3}.Release|Any CPU.ActiveCfg = Release|Any CPU
		{4C6465C8-B1E6-4E9F-A719-94715FF029C3}.Release|Any CPU.Build.0 = Release|Any CPU
		{D65E024A-DA5D-49B6-B255-95945211D150}.Debug|Any CPU.ActiveCfg = Debug|Any CPU
		{D65E024A-DA5D-49B6-B255-95945211D150}.Debug|Any CPU.Build.0 = Debug|Any CPU
		{D65E024A-DA5D-49B6-B255-95945211D150}.Release|Any CPU.ActiveCfg = Release|Any CPU
		{D65E024A-DA5D-49B6-B255-95945211D150}.Release|Any CPU.Build.0 = Release|Any CPU
	EndGlobalSection
	GlobalSection(SolutionProperties) = preSolution
		HideSolutionNode = FALSE
	EndGlobalSection
	GlobalSection(ExtensibilityGlobals) = postSolution
		SolutionGuid = {E16A6566-A0F1-421A-9913-C8AA0B57AA11}
	EndGlobalSection
EndGlobal
